
Microsoft Visual Studio Solution File, Format Version 11.00
# Visual Studio 2010
Project("{FAE04EC0-301F-11D3-BF4B-00C04F79EFBC}") = "capture-sample-app", "capture-sample-app\capture-sample-app.csproj", "{80750C87-7C24-4BA1-85C2-A79D0F0FB8DD}"
EndProject
Global
	GlobalSection(SolutionConfigurationPlatforms) = preSolution
		Debug|Any CPU = Debug|Any CPU
		Release|Any CPU = Release|Any CPU
	EndGlobalSection
	GlobalSection(ProjectConfigurationPlatforms) = postSolution
		{80750C87-7C24-4BA1-85C2-A79D0F0FB8DD}.Debug|Any CPU.ActiveCfg = Debug|Any CPU
		{80750C87-7C24-4BA1-85C2-A79D0F0FB8DD}.Debug|Any CPU.Build.0 = Debug|Any CPU
		{80750C87-7C24-4BA1-85C2-A79D0F0FB8DD}.Release|Any CPU.ActiveCfg = Release|Any CPU
		{80750C87-7C24-4BA1-85C2-A79D0F0FB8DD}.Release|Any CPU.Build.0 = Release|Any CPU
	EndGlobalSection
	GlobalSection(MonoDevelopProperties) = preSolution
		StartupItem = capture-sample-app\capture-sample-app.csproj
	EndGlobalSection
EndGlobal
